
Microsoft Visual Studio Solution File, Format Version 12.00
# Visual Studio Version 17
VisualStudioVersion = 17.4.33403.182
MinimumVisualStudioVersion = 10.0.40219.1
Project("{FAE04EC0-301F-11D3-BF4B-00C04F79EFBC}") = "ToDoList", "ToDoList.csproj", "{38993689-7528-4A4C-884F-EE9B0BF6A70C}"
EndProject
Global
	GlobalSection(SolutionConfigurationPlatforms) = preSolution
		Debug|Any CPU = Debug|Any CPU
		Release|Any CPU = Release|Any CPU
	EndGlobalSection
	GlobalSection(ProjectConfigurationPlatforms) = postSolution
		{38993689-7528-4A4C-884F-EE9B0BF6A70C}.Debug|Any CPU.ActiveCfg = Debug|Any CPU
		{38993689-7528-4A4C-884F-EE9B0BF6A70C}.Debug|Any CPU.Build.0 = Debug|Any CPU
		{38993689-7528-4A4C-884F-EE9B0BF6A70C}.Release|Any CPU.ActiveCfg = Release|Any CPU
		{38993689-7528-4A4C-884F-EE9B0BF6A70C}.Release|Any CPU.Build.0 = Release|Any CPU
	EndGlobalSection
	GlobalSection(SolutionProperties) = preSolution
		HideSolutionNode = FALSE
	EndGlobalSection
	GlobalSection(ExtensibilityGlobals) = postSolution
		SolutionGuid = {56395C6A-9748-4B42-9619-FE3E19BAB8EC}
	EndGlobalSection
EndGlobal
